// !$*UTF8*$!
{
	archiveVersion = 1;
	classes = {
	};
	objectVersion = 56;
	objects = {

/* Begin PBXBuildFile section */
		300DC15F2B84E069001A8D69 /* BookSamples.swift in Sources */ = {isa = PBXBuildFile; fileRef = 300DC15E2B84E069001A8D69 /* BookSamples.swift */; };
		300DC1612B84E232001A8D69 /* Preview.swift in Sources */ = {isa = PBXBuildFile; fileRef = 300DC1602B84E232001A8D69 /* Preview.swift */; };
		3024A55E2B80627700EF5A0A /* WebviewExample.swift in Sources */ = {isa = PBXBuildFile; fileRef = 3024A55D2B80627700EF5A0A /* WebviewExample.swift */; };
		3048DFA52B819BE6008FE168 /* Book.swift in Sources */ = {isa = PBXBuildFile; fileRef = 3048DFA42B819BE6008FE168 /* Book.swift */; };
		3048DFAB2B81C7DB008FE168 /* BookListView.swift in Sources */ = {isa = PBXBuildFile; fileRef = 3048DFAA2B81C7DB008FE168 /* BookListView.swift */; };
		3048DFAD2B81C7E8008FE168 /* NewBookView.swift in Sources */ = {isa = PBXBuildFile; fileRef = 3048DFAC2B81C7E8008FE168 /* NewBookView.swift */; };
		3048DFAF2B81D3B7008FE168 /* EditBookView.swift in Sources */ = {isa = PBXBuildFile; fileRef = 3048DFAE2B81D3B7008FE168 /* EditBookView.swift */; };
		3048DFB42B81E63D008FE168 /* RatingsView.swift in Sources */ = {isa = PBXBuildFile; fileRef = 3048DFB32B81E63D008FE168 /* RatingsView.swift */; };
		305050892B7FA9DA00447C7E /* GaugeExample.swift in Sources */ = {isa = PBXBuildFile; fileRef = 305050882B7FA9DA00447C7E /* GaugeExample.swift */; };
		3050508B2B7FAC2900447C7E /* Home.swift in Sources */ = {isa = PBXBuildFile; fileRef = 3050508A2B7FAC2900447C7E /* Home.swift */; };
		307FBB462B8393050004CD64 /* CalculatorExample.swift in Sources */ = {isa = PBXBuildFile; fileRef = 307FBB452B8393050004CD64 /* CalculatorExample.swift */; };
		30B0B23F2B0BA376009B2886 /* TutorialSampleApp.swift in Sources */ = {isa = PBXBuildFile; fileRef = 30B0B23E2B0BA376009B2886 /* TutorialSampleApp.swift */; };
		30B0B2412B0BA376009B2886 /* ContentView.swift in Sources */ = {isa = PBXBuildFile; fileRef = 30B0B2402B0BA376009B2886 /* ContentView.swift */; };
		30B0B2432B0BA379009B2886 /* Assets.xcassets in Resources */ = {isa = PBXBuildFile; fileRef = 30B0B2422B0BA379009B2886 /* Assets.xcassets */; };
		30B0B2462B0BA379009B2886 /* Preview Assets.xcassets in Resources */ = {isa = PBXBuildFile; fileRef = 30B0B2452B0BA379009B2886 /* Preview Assets.xcassets */; };
		30B0B24D2B0BA407009B2886 /* landmarkData.json in Resources */ = {isa = PBXBuildFile; fileRef = 30B0B24C2B0BA406009B2886 /* landmarkData.json */; };
		30B0B24F2B0BA443009B2886 /* Landmark.swift in Sources */ = {isa = PBXBuildFile; fileRef = 30B0B24E2B0BA443009B2886 /* Landmark.swift */; };
		30B0B2512B0BA644009B2886 /* ModelData.swift in Sources */ = {isa = PBXBuildFile; fileRef = 30B0B2502B0BA644009B2886 /* ModelData.swift */; };
		30B0B2562B0BA876009B2886 /* LandmarkRow.swift in Sources */ = {isa = PBXBuildFile; fileRef = 30B0B2552B0BA876009B2886 /* LandmarkRow.swift */; };
		30B0B2582B0BACC9009B2886 /* LandmarkLists.swift in Sources */ = {isa = PBXBuildFile; fileRef = 30B0B2572B0BACC9009B2886 /* LandmarkLists.swift */; };
		30B0B25A2B0BAEFC009B2886 /* LandmarkDetail.swift in Sources */ = {isa = PBXBuildFile; fileRef = 30B0B2592B0BAEFC009B2886 /* LandmarkDetail.swift */; };
		30B0B25D2B0BB0ED009B2886 /* CircleImage.swift in Sources */ = {isa = PBXBuildFile; fileRef = 30B0B25C2B0BB0ED009B2886 /* CircleImage.swift */; };
		30B0B25F2B0BB187009B2886 /* MapView.swift in Sources */ = {isa = PBXBuildFile; fileRef = 30B0B25E2B0BB187009B2886 /* MapView.swift */; };
/* End PBXBuildFile section */

/* Begin PBXFileReference section */
		300DC15E2B84E069001A8D69 /* BookSamples.swift */ = {isa = PBXFileReference; lastKnownFileType = sourcecode.swift; path = BookSamples.swift; sourceTree = "<group>"; };
		300DC1602B84E232001A8D69 /* Preview.swift */ = {isa = PBXFileReference; lastKnownFileType = sourcecode.swift; path = Preview.swift; sourceTree = "<group>"; };
		3024A55D2B80627700EF5A0A /* WebviewExample.swift */ = {isa = PBXFileReference; lastKnownFileType = sourcecode.swift; path = WebviewExample.swift; sourceTree = "<group>"; };
		3048DFA42B819BE6008FE168 /* Book.swift */ = {isa = PBXFileReference; lastKnownFileType = sourcecode.swift; path = Book.swift; sourceTree = "<group>"; };
		3048DFAA2B81C7DB008FE168 /* BookListView.swift */ = {isa = PBXFileReference; lastKnownFileType = sourcecode.swift; path = BookListView.swift; sourceTree = "<group>"; };
		3048DFAC2B81C7E8008FE168 /* NewBookView.swift */ = {isa = PBXFileReference; lastKnownFileType = sourcecode.swift; path = NewBookView.swift; sourceTree = "<group>"; };
		3048DFAE2B81D3B7008FE168 /* EditBookView.swift */ = {isa = PBXFileReference; lastKnownFileType = sourcecode.swift; path = EditBookView.swift; sourceTree = "<group>"; };
		3048DFB32B81E63D008FE168 /* RatingsView.swift */ = {isa = PBXFileReference; lastKnownFileType = sourcecode.swift; path = RatingsView.swift; sourceTree = "<group>"; };
		305050882B7FA9DA00447C7E /* GaugeExample.swift */ = {isa = PBXFileReference; lastKnownFileType = sourcecode.swift; path = GaugeExample.swift; sourceTree = "<group>"; };
		3050508A2B7FAC2900447C7E /* Home.swift */ = {isa = PBXFileReference; lastKnownFileType = sourcecode.swift; path = Home.swift; sourceTree = "<group>"; };
		307FBB452B8393050004CD64 /* CalculatorExample.swift */ = {isa = PBXFileReference; lastKnownFileType = sourcecode.swift; path = CalculatorExample.swift; sourceTree = "<group>"; };
		30B0B23B2B0BA376009B2886 /* TutorialSample.app */ = {isa = PBXFileReference; explicitFileType = wrapper.application; includeInIndex = 0; path = TutorialSample.app; sourceTree = BUILT_PRODUCTS_DIR; };
		30B0B23E2B0BA376009B2886 /* TutorialSampleApp.swift */ = {isa = PBXFileReference; lastKnownFileType = sourcecode.swift; path = TutorialSampleApp.swift; sourceTree = "<group>"; };
		30B0B2402B0BA376009B2886 /* ContentView.swift */ = {isa = PBXFileReference; lastKnownFileType = sourcecode.swift; path = ContentView.swift; sourceTree = "<group>"; };
		30B0B2422B0BA379009B2886 /* Assets.xcassets */ = {isa = PBXFileReference; lastKnownFileType = folder.assetcatalog; path = Assets.xcassets; sourceTree = "<group>"; };
		30B0B2452B0BA379009B2886 /* Preview Assets.xcassets */ = {isa = PBXFileReference; lastKnownFileType = folder.assetcatalog; path = "Preview Assets.xcassets"; sourceTree = "<group>"; };
		30B0B24C2B0BA406009B2886 /* landmarkData.json */ = {isa = PBXFileReference; fileEncoding = 4; lastKnownFileType = text.json; path = landmarkData.json; sourceTree = "<group>"; };
		30B0B24E2B0BA443009B2886 /* Landmark.swift */ = {isa = PBXFileReference; lastKnownFileType = sourcecode.swift; path = Landmark.swift; sourceTree = "<group>"; };
		30B0B2502B0BA644009B2886 /* ModelData.swift */ = {isa = PBXFileReference; lastKnownFileType = sourcecode.swift; path = ModelData.swift; sourceTree = "<group>"; };
		30B0B2552B0BA876009B2886 /* LandmarkRow.swift */ = {isa = PBXFileReference; lastKnownFileType = sourcecode.swift; path = LandmarkRow.swift; sourceTree = "<group>"; };
		30B0B2572B0BACC9009B2886 /* LandmarkLists.swift */ = {isa = PBXFileReference; lastKnownFileType = sourcecode.swift; path = LandmarkLists.swift; sourceTree = "<group>"; };
		30B0B2592B0BAEFC009B2886 /* LandmarkDetail.swift */ = {isa = PBXFileReference; lastKnownFileType = sourcecode.swift; path = LandmarkDetail.swift; sourceTree = "<group>"; };
		30B0B25C2B0BB0ED009B2886 /* CircleImage.swift */ = {isa = PBXFileReference; lastKnownFileType = sourcecode.swift; path = CircleImage.swift; sourceTree = "<group>"; };
		30B0B25E2B0BB187009B2886 /* MapView.swift */ = {isa = PBXFileReference; lastKnownFileType = sourcecode.swift; path = MapView.swift; sourceTree = "<group>"; };
/* End PBXFileReference section */

/* Begin PBXFrameworksBuildPhase section */
		30B0B2382B0BA376009B2886 /* Frameworks */ = {
			isa = PBXFrameworksBuildPhase;
			buildActionMask = 2147483647;
			files = (
			);
			runOnlyForDeploymentPostprocessing = 0;
		};
/* End PBXFrameworksBuildPhase section */

/* Begin PBXGroup section */
		3024A5582B80611200EF5A0A /* Webview */ = {
			isa = PBXGroup;
			children = (
				3024A55D2B80627700EF5A0A /* WebviewExample.swift */,
			);
			path = Webview;
			sourceTree = "<group>";
		};
		3048DFA12B819B3D008FE168 /* Crudbook */ = {
			isa = PBXGroup;
			children = (
				3048DFB02B81E5A6008FE168 /* Components */,
				3048DFAA2B81C7DB008FE168 /* BookListView.swift */,
				3048DFAC2B81C7E8008FE168 /* NewBookView.swift */,
				3048DFAE2B81D3B7008FE168 /* EditBookView.swift */,
			);
			path = Crudbook;
			sourceTree = "<group>";
		};
		3048DFB02B81E5A6008FE168 /* Components */ = {
			isa = PBXGroup;
			children = (
				3048DFB32B81E63D008FE168 /* RatingsView.swift */,
			);
			path = Components;
			sourceTree = "<group>";
		};
		305050842B7FA32500447C7E /* Landmark */ = {
			isa = PBXGroup;
			children = (
				30B0B25B2B0BB0DA009B2886 /* Components */,
				30B0B2552B0BA876009B2886 /* LandmarkRow.swift */,
				30B0B2572B0BACC9009B2886 /* LandmarkLists.swift */,
				30B0B2592B0BAEFC009B2886 /* LandmarkDetail.swift */,
			);
			path = Landmark;
			sourceTree = "<group>";
		};
		305050872B7FA97B00447C7E /* Gauge */ = {
			isa = PBXGroup;
			children = (
				305050882B7FA9DA00447C7E /* GaugeExample.swift */,
			);
			path = Gauge;
			sourceTree = "<group>";
		};
		307FBB442B8392EB0004CD64 /* 01_Calculator */ = {
			isa = PBXGroup;
			children = (
				307FBB452B8393050004CD64 /* CalculatorExample.swift */,
			);
			path = 01_Calculator;
			sourceTree = "<group>";
		};
		30B0B2322B0BA376009B2886 = {
			isa = PBXGroup;
			children = (
				30B0B23D2B0BA376009B2886 /* TutorialSample */,
				30B0B23C2B0BA376009B2886 /* Products */,
			);
			sourceTree = "<group>";
		};
		30B0B23C2B0BA376009B2886 /* Products */ = {
			isa = PBXGroup;
			children = (
				30B0B23B2B0BA376009B2886 /* TutorialSample.app */,
			);
			name = Products;
			sourceTree = "<group>";
		};
		30B0B23D2B0BA376009B2886 /* TutorialSample */ = {
			isa = PBXGroup;
			children = (
				30B0B23E2B0BA376009B2886 /* TutorialSampleApp.swift */,
				30B0B2402B0BA376009B2886 /* ContentView.swift */,
				30B0B2542B0BA84A009B2886 /* Views */,
				30B0B2532B0BA818009B2886 /* Model */,
				30B0B2522B0BA802009B2886 /* Resources */,
				30B0B2422B0BA379009B2886 /* Assets.xcassets */,
				30B0B2442B0BA379009B2886 /* Preview Content */,
			);
			path = TutorialSample;
			sourceTree = "<group>";
		};
		30B0B2442B0BA379009B2886 /* Preview Content */ = {
			isa = PBXGroup;
			children = (
				30B0B2452B0BA379009B2886 /* Preview Assets.xcassets */,
				300DC15E2B84E069001A8D69 /* BookSamples.swift */,
				300DC1602B84E232001A8D69 /* Preview.swift */,
			);
			path = "Preview Content";
			sourceTree = "<group>";
		};
		30B0B2522B0BA802009B2886 /* Resources */ = {
			isa = PBXGroup;
			children = (
				30B0B24C2B0BA406009B2886 /* landmarkData.json */,
			);
			path = Resources;
			sourceTree = "<group>";
		};
		30B0B2532B0BA818009B2886 /* Model */ = {
			isa = PBXGroup;
			children = (
				30B0B2502B0BA644009B2886 /* ModelData.swift */,
				30B0B24E2B0BA443009B2886 /* Landmark.swift */,
				3048DFA42B819BE6008FE168 /* Book.swift */,
			);
			path = Model;
			sourceTree = "<group>";
		};
		30B0B2542B0BA84A009B2886 /* Views */ = {
			isa = PBXGroup;
			children = (
				307FBB442B8392EB0004CD64 /* 01_Calculator */,
				3048DFA12B819B3D008FE168 /* Crudbook */,
				3024A5582B80611200EF5A0A /* Webview */,
				305050872B7FA97B00447C7E /* Gauge */,
				305050842B7FA32500447C7E /* Landmark */,
				3050508A2B7FAC2900447C7E /* Home.swift */,
			);
			path = Views;
			sourceTree = "<group>";
		};
		30B0B25B2B0BB0DA009B2886 /* Components */ = {
			isa = PBXGroup;
			children = (
				30B0B25C2B0BB0ED009B2886 /* CircleImage.swift */,
				30B0B25E2B0BB187009B2886 /* MapView.swift */,
			);
			path = Components;
			sourceTree = "<group>";
		};
/* End PBXGroup section */

/* Begin PBXNativeTarget section */
		30B0B23A2B0BA376009B2886 /* TutorialSample */ = {
			isa = PBXNativeTarget;
			buildConfigurationList = 30B0B2492B0BA379009B2886 /* Build configuration list for PBXNativeTarget "TutorialSample" */;
			buildPhases = (
				30B0B2372B0BA376009B2886 /* Sources */,
				30B0B2382B0BA376009B2886 /* Frameworks */,
				30B0B2392B0BA376009B2886 /* Resources */,
			);
			buildRules = (
			);
			dependencies = (
			);
			name = TutorialSample;
			productName = TutorialSample;
			productReference = 30B0B23B2B0BA376009B2886 /* TutorialSample.app */;
			productType = "com.apple.product-type.application";
		};
/* End PBXNativeTarget section */

/* Begin PBXProject section */
		30B0B2332B0BA376009B2886 /* Project object */ = {
			isa = PBXProject;
			attributes = {
				BuildIndependentTargetsInParallel = 1;
				LastSwiftUpdateCheck = 1500;
				LastUpgradeCheck = 1500;
				TargetAttributes = {
					30B0B23A2B0BA376009B2886 = {
						CreatedOnToolsVersion = 15.0.1;
					};
				};
			};
			buildConfigurationList = 30B0B2362B0BA376009B2886 /* Build configuration list for PBXProject "TutorialSample" */;
			compatibilityVersion = "Xcode 14.0";
			developmentRegion = en;
			hasScannedForEncodings = 0;
			knownRegions = (
				en,
				Base,
			);
			mainGroup = 30B0B2322B0BA376009B2886;
			productRefGroup = 30B0B23C2B0BA376009B2886 /* Products */;
			projectDirPath = "";
			projectRoot = "";
			targets = (
				30B0B23A2B0BA376009B2886 /* TutorialSample */,
			);
		};
/* End PBXProject section */

/* Begin PBXResourcesBuildPhase section */
		30B0B2392B0BA376009B2886 /* Resources */ = {
			isa = PBXResourcesBuildPhase;
			buildActionMask = 2147483647;
			files = (
				30B0B2462B0BA379009B2886 /* Preview Assets.xcassets in Resources */,
				30B0B2432B0BA379009B2886 /* Assets.xcassets in Resources */,
				30B0B24D2B0BA407009B2886 /* landmarkData.json in Resources */,
			);
			runOnlyForDeploymentPostprocessing = 0;
		};
/* End PBXResourcesBuildPhase section */

/* Begin PBXSourcesBuildPhase section */
		30B0B2372B0BA376009B2886 /* Sources */ = {
			isa = PBXSourcesBuildPhase;
			buildActionMask = 2147483647;
			files = (
				30B0B2412B0BA376009B2886 /* ContentView.swift in Sources */,
				30B0B25D2B0BB0ED009B2886 /* CircleImage.swift in Sources */,
				300DC1612B84E232001A8D69 /* Preview.swift in Sources */,
				3048DFA52B819BE6008FE168 /* Book.swift in Sources */,
				30B0B2582B0BACC9009B2886 /* LandmarkLists.swift in Sources */,
				307FBB462B8393050004CD64 /* CalculatorExample.swift in Sources */,
				3050508B2B7FAC2900447C7E /* Home.swift in Sources */,
				3048DFB42B81E63D008FE168 /* RatingsView.swift in Sources */,
				30B0B2512B0BA644009B2886 /* ModelData.swift in Sources */,
				30B0B23F2B0BA376009B2886 /* TutorialSampleApp.swift in Sources */,
				3048DFAB2B81C7DB008FE168 /* BookListView.swift in Sources */,
				30B0B2562B0BA876009B2886 /* LandmarkRow.swift in Sources */,
				3048DFAF2B81D3B7008FE168 /* EditBookView.swift in Sources */,
				30B0B24F2B0BA443009B2886 /* Landmark.swift in Sources */,
				3024A55E2B80627700EF5A0A /* WebviewExample.swift in Sources */,
				305050892B7FA9DA00447C7E /* GaugeExample.swift in Sources */,
				3048DFAD2B81C7E8008FE168 /* NewBookView.swift in Sources */,
				30B0B25F2B0BB187009B2886 /* MapView.swift in Sources */,
				30B0B25A2B0BAEFC009B2886 /* LandmarkDetail.swift in Sources */,
				300DC15F2B84E069001A8D69 /* BookSamples.swift in Sources */,
			);
			runOnlyForDeploymentPostprocessing = 0;
		};
/* End PBXSourcesBuildPhase section */

/* Begin XCBuildConfiguration section */
		30B0B2472B0BA379009B2886 /* Debug */ = {
			isa = XCBuildConfiguration;
			buildSettings = {
				ALWAYS_SEARCH_USER_PATHS = NO;
				ASSETCATALOG_COMPILER_GENERATE_SWIFT_ASSET_SYMBOL_EXTENSIONS = YES;
				CLANG_ANALYZER_NONNULL = YES;
				CLANG_ANALYZER_NUMBER_OBJECT_CONVERSION = YES_AGGRESSIVE;
				CLANG_CXX_LANGUAGE_STANDARD = "gnu++20";
				CLANG_ENABLE_MODULES = YES;
				CLANG_ENABLE_OBJC_ARC = YES;
				CLANG_ENABLE_OBJC_WEAK = YES;
				CLANG_WARN_BLOCK_CAPTURE_AUTORELEASING = YES;
				CLANG_WARN_BOOL_CONVERSION = YES;
				CLANG_WARN_COMMA = YES;
				CLANG_WARN_CONSTANT_CONVERSION = YES;
				CLANG_WARN_DEPRECATED_OBJC_IMPLEMENTATIONS = YES;
				CLANG_WARN_DIRECT_OBJC_ISA_USAGE = YES_ERROR;
				CLANG_WARN_DOCUMENTATION_COMMENTS = YES;
				CLANG_WARN_EMPTY_BODY = YES;
				CLANG_WARN_ENUM_CONVERSION = YES;
				CLANG_WARN_INFINITE_RECURSION = YES;
				CLANG_WARN_INT_CONVERSION = YES;
				CLANG_WARN_NON_LITERAL_NULL_CONVERSION = YES;
				CLANG_WARN_OBJC_IMPLICIT_RETAIN_SELF = YES;
				CLANG_WARN_OBJC_LITERAL_CONVERSION = YES;
				CLANG_WARN_OBJC_ROOT_CLASS = YES_ERROR;
				CLANG_WARN_QUOTED_INCLUDE_IN_FRAMEWORK_HEADER = YES;
				CLANG_WARN_RANGE_LOOP_ANALYSIS = YES;
				CLANG_WARN_STRICT_PROTOTYPES = YES;
				CLANG_WARN_SUSPICIOUS_MOVE = YES;
				CLANG_WARN_UNGUARDED_AVAILABILITY = YES_AGGRESSIVE;
				CLANG_WARN_UNREACHABLE_CODE = YES;
				CLANG_WARN__DUPLICATE_METHOD_MATCH = YES;
				COPY_PHASE_STRIP = NO;
				DEBUG_INFORMATION_FORMAT = dwarf;
				ENABLE_STRICT_OBJC_MSGSEND = YES;
				ENABLE_TESTABILITY = YES;
				ENABLE_USER_SCRIPT_SANDBOXING = YES;
				GCC_C_LANGUAGE_STANDARD = gnu17;
				GCC_DYNAMIC_NO_PIC = NO;
				GCC_NO_COMMON_BLOCKS = YES;
				GCC_OPTIMIZATION_LEVEL = 0;
				GCC_PREPROCESSOR_DEFINITIONS = (
					"DEBUG=1",
					"$(inherited)",
				);
				GCC_WARN_64_TO_32_BIT_CONVERSION = YES;
				GCC_WARN_ABOUT_RETURN_TYPE = YES_ERROR;
				GCC_WARN_UNDECLARED_SELECTOR = YES;
				GCC_WARN_UNINITIALIZED_AUTOS = YES_AGGRESSIVE;
				GCC_WARN_UNUSED_FUNCTION = YES;
				GCC_WARN_UNUSED_VARIABLE = YES;
				IPHONEOS_DEPLOYMENT_TARGET = 17.0;
				LOCALIZATION_PREFERS_STRING_CATALOGS = YES;
				MTL_ENABLE_DEBUG_INFO = INCLUDE_SOURCE;
				MTL_FAST_MATH = YES;
				ONLY_ACTIVE_ARCH = YES;
				SDKROOT = iphoneos;
				SWIFT_ACTIVE_COMPILATION_CONDITIONS = "DEBUG $(inherited)";
				SWIFT_OPTIMIZATION_LEVEL = "-Onone";
			};
			name = Debug;
		};
		30B0B2482B0BA379009B2886 /* Release */ = {
			isa = XCBuildConfiguration;
			buildSettings = {
				ALWAYS_SEARCH_USER_PATHS = NO;
				ASSETCATALOG_COMPILER_GENERATE_SWIFT_ASSET_SYMBOL_EXTENSIONS = YES;
				CLANG_ANALYZER_NONNULL = YES;
				CLANG_ANALYZER_NUMBER_OBJECT_CONVERSION = YES_AGGRESSIVE;
				CLANG_CXX_LANGUAGE_STANDARD = "gnu++20";
				CLANG_ENABLE_MODULES = YES;
				CLANG_ENABLE_OBJC_ARC = YES;
				CLANG_ENABLE_OBJC_WEAK = YES;
				CLANG_WARN_BLOCK_CAPTURE_AUTORELEASING = YES;
				CLANG_WARN_BOOL_CONVERSION = YES;
				CLANG_WARN_COMMA = YES;
				CLANG_WARN_CONSTANT_CONVERSION = YES;
				CLANG_WARN_DEPRECATED_OBJC_IMPLEMENTATIONS = YES;
				CLANG_WARN_DIRECT_OBJC_ISA_USAGE = YES_ERROR;
				CLANG_WARN_DOCUMENTATION_COMMENTS = YES;
				CLANG_WARN_EMPTY_BODY = YES;
				CLANG_WARN_ENUM_CONVERSION = YES;
				CLANG_WARN_INFINITE_RECURSION = YES;
				CLANG_WARN_INT_CONVERSION = YES;
				CLANG_WARN_NON_LITERAL_NULL_CONVERSION = YES;
				CLANG_WARN_OBJC_IMPLICIT_RETAIN_SELF = YES;
				CLANG_WARN_OBJC_LITERAL_CONVERSION = YES;
				CLANG_WARN_OBJC_ROOT_CLASS = YES_ERROR;
				CLANG_WARN_QUOTED_INCLUDE_IN_FRAMEWORK_HEADER = YES;
				CLANG_WARN_RANGE_LOOP_ANALYSIS = YES;
				CLANG_WARN_STRICT_PROTOTYPES = YES;
				CLANG_WARN_SUSPICIOUS_MOVE = YES;
				CLANG_WARN_UNGUARDED_AVAILABILITY = YES_AGGRESSIVE;
				CLANG_WARN_UNREACHABLE_CODE = YES;
				CLANG_WARN__DUPLICATE_METHOD_MATCH = YES;
				COPY_PHASE_STRIP = NO;
				DEBUG_INFORMATION_FORMAT = "dwarf-with-dsym";
				ENABLE_NS_ASSERTIONS = NO;
				ENABLE_STRICT_OBJC_MSGSEND = YES;
				ENABLE_USER_SCRIPT_SANDBOXING = YES;
				GCC_C_LANGUAGE_STANDARD = gnu17;
				GCC_NO_COMMON_BLOCKS = YES;
				GCC_WARN_64_TO_32_BIT_CONVERSION = YES;
				GCC_WARN_ABOUT_RETURN_TYPE = YES_ERROR;
				GCC_WARN_UNDECLARED_SELECTOR = YES;
				GCC_WARN_UNINITIALIZED_AUTOS = YES_AGGRESSIVE;
				GCC_WARN_UNUSED_FUNCTION = YES;
				GCC_WARN_UNUSED_VARIABLE = YES;
				IPHONEOS_DEPLOYMENT_TARGET = 17.0;
				LOCALIZATION_PREFERS_STRING_CATALOGS = YES;
				MTL_ENABLE_DEBUG_INFO = NO;
				MTL_FAST_MATH = YES;
				SDKROOT = iphoneos;
				SWIFT_COMPILATION_MODE = wholemodule;
				VALIDATE_PRODUCT = YES;
			};
			name = Release;
		};
		30B0B24A2B0BA379009B2886 /* Debug */ = {
			isa = XCBuildConfiguration;
			buildSettings = {
				ASSETCATALOG_COMPILER_APPICON_NAME = AppIcon;
				ASSETCATALOG_COMPILER_GLOBAL_ACCENT_COLOR_NAME = AccentColor;
				CODE_SIGN_STYLE = Automatic;
				CURRENT_PROJECT_VERSION = 1;
				DEVELOPMENT_ASSET_PATHS = "\"TutorialSample/Preview Content\"";
				DEVELOPMENT_TEAM = SK3K94A7KM;
				ENABLE_PREVIEWS = YES;
				GENERATE_INFOPLIST_FILE = YES;
				INFOPLIST_KEY_UIApplicationSceneManifest_Generation = YES;
				INFOPLIST_KEY_UIApplicationSupportsIndirectInputEvents = YES;
				INFOPLIST_KEY_UILaunchScreen_Generation = YES;
				INFOPLIST_KEY_UISupportedInterfaceOrientations_iPad = "UIInterfaceOrientationPortrait UIInterfaceOrientationPortraitUpsideDown UIInterfaceOrientationLandscapeLeft UIInterfaceOrientationLandscapeRight";
				INFOPLIST_KEY_UISupportedInterfaceOrientations_iPhone = "UIInterfaceOrientationPortrait UIInterfaceOrientationLandscapeLeft UIInterfaceOrientationLandscapeRight";
				LD_RUNPATH_SEARCH_PATHS = (
					"$(inherited)",
					"@executable_path/Frameworks",
				);
				MARKETING_VERSION = 1.0;
				PRODUCT_BUNDLE_IDENTIFIER = rii.TutorialSample;
				PRODUCT_NAME = "$(TARGET_NAME)";
				SWIFT_EMIT_LOC_STRINGS = YES;
				SWIFT_VERSION = 5.0;
				TARGETED_DEVICE_FAMILY = "1,2";
			};
			name = Debug;
		};
		30B0B24B2B0BA379009B2886 /* Release */ = {
			isa = XCBuildConfiguration;
			buildSettings = {
				ASSETCATALOG_COMPILER_APPICON_NAME = AppIcon;
				ASSETCATALOG_COMPILER_GLOBAL_ACCENT_COLOR_NAME = AccentColor;
				CODE_SIGN_STYLE = Automatic;
				CURRENT_PROJECT_VERSION = 1;
				DEVELOPMENT_ASSET_PATHS = "\"TutorialSample/Preview Content\"";
				DEVELOPMENT_TEAM = SK3K94A7KM;
				ENABLE_PREVIEWS = YES;
				GENERATE_INFOPLIST_FILE = YES;
				INFOPLIST_KEY_UIApplicationSceneManifest_Generation = YES;
				INFOPLIST_KEY_UIApplicationSupportsIndirectInputEvents = YES;
				INFOPLIST_KEY_UILaunchScreen_Generation = YES;
				INFOPLIST_KEY_UISupportedInterfaceOrientations_iPad = "UIInterfaceOrientationPortrait UIInterfaceOrientationPortraitUpsideDown UIInterfaceOrientationLandscapeLeft UIInterfaceOrientationLandscapeRight";
				INFOPLIST_KEY_UISupportedInterfaceOrientations_iPhone = "UIInterfaceOrientationPortrait UIInterfaceOrientationLandscapeLeft UIInterfaceOrientationLandscapeRight";
				LD_RUNPATH_SEARCH_PATHS = (
					"$(inherited)",
					"@executable_path/Frameworks",
				);
				MARKETING_VERSION = 1.0;
				PRODUCT_BUNDLE_IDENTIFIER = rii.TutorialSample;
				PRODUCT_NAME = "$(TARGET_NAME)";
				SWIFT_EMIT_LOC_STRINGS = YES;
				SWIFT_VERSION = 5.0;
				TARGETED_DEVICE_FAMILY = "1,2";
			};
			name = Release;
		};
/* End XCBuildConfiguration section */

/* Begin XCConfigurationList section */
		30B0B2362B0BA376009B2886 /* Build configuration list for PBXProject "TutorialSample" */ = {
			isa = XCConfigurationList;
			buildConfigurations = (
				30B0B2472B0BA379009B2886 /* Debug */,
				30B0B2482B0BA379009B2886 /* Release */,
			);
			defaultConfigurationIsVisible = 0;
			defaultConfigurationName = Release;
		};
		30B0B2492B0BA379009B2886 /* Build configuration list for PBXNativeTarget "TutorialSample" */ = {
			isa = XCConfigurationList;
			buildConfigurations = (
				30B0B24A2B0BA379009B2886 /* Debug */,
				30B0B24B2B0BA379009B2886 /* Release */,
			);
			defaultConfigurationIsVisible = 0;
			defaultConfigurationName = Release;
		};
/* End XCConfigurationList section */
	};
	rootObject = 30B0B2332B0BA376009B2886 /* Project object */;
}
